{
  "requires": true,
  "lockfileVersion": 1,
  "dependencies": {
    "deep-equal": {
      "version": "1.0.1",
      "resolved": "https://registry.npmjs.org/deep-equal/-/deep-equal-1.0.1.tgz",
      "integrity": "sha1-9dJgKStmDghO/0zbyfCK0yR0SLU="
    },
    "jsparse": {
      "version": "0.1.0",
      "resolved": "https://registry.npmjs.org/jsparse/-/jsparse-0.1.0.tgz",
      "integrity": "sha1-h7jsunSTu08UyVu0W4z0YlQ0t9M="
    }
  }
}
